
Microsoft Visual Studio Solution File, Format Version 12.00
# Visual Studio 2012
Project("{FAE04EC0-301F-11D3-BF4B-00C04F79EFBC}") = "Game_O", "Game_O\Game_O.csproj", "{01F2BC68-1936-4BED-AEA8-E67F0FF14019}"
EndProject
Global
	GlobalSection(SolutionConfigurationPlatforms) = preSolution
		Debug|Any CPU = Debug|Any CPU
		Release|Any CPU = Release|Any CPU
	EndGlobalSection
	GlobalSection(ProjectConfigurationPlatforms) = postSolution
		{01F2BC68-1936-4BED-AEA8-E67F0FF14019}.Debug|Any CPU.ActiveCfg = Debug|Any CPU
		{01F2BC68-1936-4BED-AEA8-E67F0FF14019}.Debug|Any CPU.Build.0 = Debug|Any CPU
		{01F2BC68-1936-4BED-AEA8-E67F0FF14019}.Release|Any CPU.ActiveCfg = Release|Any CPU
		{01F2BC68-1936-4BED-AEA8-E67F0FF14019}.Release|Any CPU.Build.0 = Release|Any CPU
	EndGlobalSection
	GlobalSection(SolutionProperties) = preSolution
		HideSolutionNode = FALSE
	EndGlobalSection
EndGlobal
